// !$*UTF8*$!
{
	archiveVersion = 1;
	classes = {
	};
	objectVersion = 77;
	objects = {

/* Begin PBXBuildFile section */
		5F06BEA12CC284C600260241 /* CardDropDelegate.swift in Sources */ = {isa = PBXBuildFile; fileRef = 5F06BE962CC284C600260241 /* CardDropDelegate.swift */; };
		5F06BEA22CC284C600260241 /* BoardsListView.swift in Sources */ = {isa = PBXBuildFile; fileRef = 5F06BE9C2CC284C600260241 /* BoardsListView.swift */; };
		5F06BEA32CC284C600260241 /* CardView.swift in Sources */ = {isa = PBXBuildFile; fileRef = 5F06BE9E2CC284C600260241 /* CardView.swift */; };
		5F06BEA42CC284C600260241 /* ListView.swift in Sources */ = {isa = PBXBuildFile; fileRef = 5F06BE9F2CC284C600260241 /* ListView.swift */; };
		5F06BEA52CC284C600260241 /* BoardView.swift in Sources */ = {isa = PBXBuildFile; fileRef = 5F06BE9D2CC284C600260241 /* BoardView.swift */; };
		5F06BEA62CC284C600260241 /* TodoList.swift in Sources */ = {isa = PBXBuildFile; fileRef = 5F06BE9A2CC284C600260241 /* TodoList.swift */; };
		5F06BEA72CC284C600260241 /* TodoCard.swift in Sources */ = {isa = PBXBuildFile; fileRef = 5F06BE992CC284C600260241 /* TodoCard.swift */; };
		5F06BEA82CC284C600260241 /* TodoBoard.swift in Sources */ = {isa = PBXBuildFile; fileRef = 5F06BE982CC284C600260241 /* TodoBoard.swift */; };
		5F06BEA92CC284C600260241 /* CardDropDelegate.swift in Sources */ = {isa = PBXBuildFile; fileRef = 5F06BE962CC284C600260241 /* CardDropDelegate.swift */; };
		5F06BEAA2CC284C600260241 /* BoardsListView.swift in Sources */ = {isa = PBXBuildFile; fileRef = 5F06BE9C2CC284C600260241 /* BoardsListView.swift */; };
		5F06BEAB2CC284C600260241 /* CardView.swift in Sources */ = {isa = PBXBuildFile; fileRef = 5F06BE9E2CC284C600260241 /* CardView.swift */; };
		5F06BEAC2CC284C600260241 /* ListView.swift in Sources */ = {isa = PBXBuildFile; fileRef = 5F06BE9F2CC284C600260241 /* ListView.swift */; };
		5F06BEAD2CC284C600260241 /* BoardView.swift in Sources */ = {isa = PBXBuildFile; fileRef = 5F06BE9D2CC284C600260241 /* BoardView.swift */; };
		5F06BEAE2CC284C600260241 /* TodoList.swift in Sources */ = {isa = PBXBuildFile; fileRef = 5F06BE9A2CC284C600260241 /* TodoList.swift */; };
		5F06BEAF2CC284C600260241 /* TodoCard.swift in Sources */ = {isa = PBXBuildFile; fileRef = 5F06BE992CC284C600260241 /* TodoCard.swift */; };
		5F06BEB02CC284C600260241 /* TodoBoard.swift in Sources */ = {isa = PBXBuildFile; fileRef = 5F06BE982CC284C600260241 /* TodoBoard.swift */; };
		5F06BEB12CC284C600260241 /* CardDropDelegate.swift in Sources */ = {isa = PBXBuildFile; fileRef = 5F06BE962CC284C600260241 /* CardDropDelegate.swift */; };
		5F06BEB22CC284C600260241 /* BoardsListView.swift in Sources */ = {isa = PBXBuildFile; fileRef = 5F06BE9C2CC284C600260241 /* BoardsListView.swift */; };
		5F06BEB32CC284C600260241 /* CardView.swift in Sources */ = {isa = PBXBuildFile; fileRef = 5F06BE9E2CC284C600260241 /* CardView.swift */; };
		5F06BEB42CC284C600260241 /* ListView.swift in Sources */ = {isa = PBXBuildFile; fileRef = 5F06BE9F2CC284C600260241 /* ListView.swift */; };
		5F06BEB52CC284C600260241 /* BoardView.swift in Sources */ = {isa = PBXBuildFile; fileRef = 5F06BE9D2CC284C600260241 /* BoardView.swift */; };
		5F06BEB62CC284C600260241 /* TodoList.swift in Sources */ = {isa = PBXBuildFile; fileRef = 5F06BE9A2CC284C600260241 /* TodoList.swift */; };
		5F06BEB72CC284C600260241 /* TodoCard.swift in Sources */ = {isa = PBXBuildFile; fileRef = 5F06BE992CC284C600260241 /* TodoCard.swift */; };
		5F06BEB82CC284C600260241 /* TodoBoard.swift in Sources */ = {isa = PBXBuildFile; fileRef = 5F06BE982CC284C600260241 /* TodoBoard.swift */; };
/* End PBXBuildFile section */

/* Begin PBXContainerItemProxy section */
		5FE7A6BA2CB8071F00E9F10D /* PBXContainerItemProxy */ = {
			isa = PBXContainerItemProxy;
			containerPortal = 5FE7A69E2CB8071E00E9F10D /* Project object */;
			proxyType = 1;
			remoteGlobalIDString = 5FE7A6A52CB8071E00E9F10D;
			remoteInfo = AITodoClone;
		};
		5FE7A6C42CB8071F00E9F10D /* PBXContainerItemProxy */ = {
			isa = PBXContainerItemProxy;
			containerPortal = 5FE7A69E2CB8071E00E9F10D /* Project object */;
			proxyType = 1;
			remoteGlobalIDString = 5FE7A6A52CB8071E00E9F10D;
			remoteInfo = AITodoClone;
		};
/* End PBXContainerItemProxy section */

/* Begin PBXFileReference section */
		5F06BE962CC284C600260241 /* CardDropDelegate.swift */ = {isa = PBXFileReference; lastKnownFileType = sourcecode.swift; path = CardDropDelegate.swift; sourceTree = "<group>"; };
		5F06BE982CC284C600260241 /* TodoBoard.swift */ = {isa = PBXFileReference; lastKnownFileType = sourcecode.swift; path = TodoBoard.swift; sourceTree = "<group>"; };
		5F06BE992CC284C600260241 /* TodoCard.swift */ = {isa = PBXFileReference; lastKnownFileType = sourcecode.swift; path = TodoCard.swift; sourceTree = "<group>"; };
		5F06BE9A2CC284C600260241 /* TodoList.swift */ = {isa = PBXFileReference; lastKnownFileType = sourcecode.swift; path = TodoList.swift; sourceTree = "<group>"; };
		5F06BE9C2CC284C600260241 /* BoardsListView.swift */ = {isa = PBXFileReference; lastKnownFileType = sourcecode.swift; path = BoardsListView.swift; sourceTree = "<group>"; };
		5F06BE9D2CC284C600260241 /* BoardView.swift */ = {isa = PBXFileReference; lastKnownFileType = sourcecode.swift; path = BoardView.swift; sourceTree = "<group>"; };
		5F06BE9E2CC284C600260241 /* CardView.swift */ = {isa = PBXFileReference; lastKnownFileType = sourcecode.swift; path = CardView.swift; sourceTree = "<group>"; };
		5F06BE9F2CC284C600260241 /* ListView.swift */ = {isa = PBXFileReference; lastKnownFileType = sourcecode.swift; path = ListView.swift; sourceTree = "<group>"; };
		5FE7A6A62CB8071E00E9F10D /* AITodoClone.app */ = {isa = PBXFileReference; explicitFileType = wrapper.application; includeInIndex = 0; path = AITodoClone.app; sourceTree = BUILT_PRODUCTS_DIR; };
		5FE7A6B92CB8071F00E9F10D /* AITodoCloneTests.xctest */ = {isa = PBXFileReference; explicitFileType = wrapper.cfbundle; includeInIndex = 0; path = AITodoCloneTests.xctest; sourceTree = BUILT_PRODUCTS_DIR; };
		5FE7A6C32CB8071F00E9F10D /* AITodoCloneUITests.xctest */ = {isa = PBXFileReference; explicitFileType = wrapper.cfbundle; includeInIndex = 0; path = AITodoCloneUITests.xctest; sourceTree = BUILT_PRODUCTS_DIR; };
/* End PBXFileReference section */

/* Begin PBXFileSystemSynchronizedRootGroup section */
		5FE7A6A82CB8071E00E9F10D /* AITodoClone */ = {
			isa = PBXFileSystemSynchronizedRootGroup;
			path = AITodoClone;
			sourceTree = "<group>";
		};
		5FE7A6BC2CB8071F00E9F10D /* AITodoCloneTests */ = {
			isa = PBXFileSystemSynchronizedRootGroup;
			path = AITodoCloneTests;
			sourceTree = "<group>";
		};
		5FE7A6C62CB8071F00E9F10D /* AITodoCloneUITests */ = {
			isa = PBXFileSystemSynchronizedRootGroup;
			path = AITodoCloneUITests;
			sourceTree = "<group>";
		};
/* End PBXFileSystemSynchronizedRootGroup section */

/* Begin PBXFrameworksBuildPhase section */
		5FE7A6A32CB8071E00E9F10D /* Frameworks */ = {
			isa = PBXFrameworksBuildPhase;
			buildActionMask = 2147483647;
			files = (
			);
			runOnlyForDeploymentPostprocessing = 0;
		};
		5FE7A6B62CB8071F00E9F10D /* Frameworks */ = {
			isa = PBXFrameworksBuildPhase;
			buildActionMask = 2147483647;
			files = (
			);
			runOnlyForDeploymentPostprocessing = 0;
		};
		5FE7A6C02CB8071F00E9F10D /* Frameworks */ = {
			isa = PBXFrameworksBuildPhase;
			buildActionMask = 2147483647;
			files = (
			);
			runOnlyForDeploymentPostprocessing = 0;
		};
/* End PBXFrameworksBuildPhase section */

/* Begin PBXGroup section */
		5F06BE972CC284C600260241 /* Delegates */ = {
			isa = PBXGroup;
			children = (
				5F06BE962CC284C600260241 /* CardDropDelegate.swift */,
			);
			path = Delegates;
			sourceTree = "<group>";
		};
		5F06BE9B2CC284C600260241 /* Models */ = {
			isa = PBXGroup;
			children = (
				5F06BE982CC284C600260241 /* TodoBoard.swift */,
				5F06BE992CC284C600260241 /* TodoCard.swift */,
				5F06BE9A2CC284C600260241 /* TodoList.swift */,
			);
			path = Models;
			sourceTree = "<group>";
		};
		5F06BEA02CC284C600260241 /* Views */ = {
			isa = PBXGroup;
			children = (
				5F06BE9C2CC284C600260241 /* BoardsListView.swift */,
				5F06BE9D2CC284C600260241 /* BoardView.swift */,
				5F06BE9E2CC284C600260241 /* CardView.swift */,
				5F06BE9F2CC284C600260241 /* ListView.swift */,
			);
			path = Views;
			sourceTree = "<group>";
		};
		5FE7A69D2CB8071E00E9F10D = {
			isa = PBXGroup;
			children = (
				5F06BE972CC284C600260241 /* Delegates */,
				5F06BE9B2CC284C600260241 /* Models */,
				5F06BEA02CC284C600260241 /* Views */,
				5FE7A6A82CB8071E00E9F10D /* AITodoClone */,
				5FE7A6BC2CB8071F00E9F10D /* AITodoCloneTests */,
				5FE7A6C62CB8071F00E9F10D /* AITodoCloneUITests */,
				5FE7A6A72CB8071E00E9F10D /* Products */,
			);
			sourceTree = "<group>";
		};
		5FE7A6A72CB8071E00E9F10D /* Products */ = {
			isa = PBXGroup;
			children = (
				5FE7A6A62CB8071E00E9F10D /* AITodoClone.app */,
				5FE7A6B92CB8071F00E9F10D /* AITodoCloneTests.xctest */,
				5FE7A6C32CB8071F00E9F10D /* AITodoCloneUITests.xctest */,
			);
			name = Products;
			sourceTree = "<group>";
		};
/* End PBXGroup section */

/* Begin PBXNativeTarget section */
		5FE7A6A52CB8071E00E9F10D /* AITodoClone */ = {
			isa = PBXNativeTarget;
			buildConfigurationList = 5FE7A6CD2CB8071F00E9F10D /* Build configuration list for PBXNativeTarget "AITodoClone" */;
			buildPhases = (
				5FE7A6A22CB8071E00E9F10D /* Sources */,
				5FE7A6A32CB8071E00E9F10D /* Frameworks */,
				5FE7A6A42CB8071E00E9F10D /* Resources */,
			);
			buildRules = (
			);
			dependencies = (
			);
			fileSystemSynchronizedGroups = (
				5FE7A6A82CB8071E00E9F10D /* AITodoClone */,
			);
			name = AITodoClone;
			packageProductDependencies = (
			);
			productName = AITodoClone;
			productReference = 5FE7A6A62CB8071E00E9F10D /* AITodoClone.app */;
			productType = "com.apple.product-type.application";
		};
		5FE7A6B82CB8071F00E9F10D /* AITodoCloneTests */ = {
			isa = PBXNativeTarget;
			buildConfigurationList = 5FE7A6D02CB8071F00E9F10D /* Build configuration list for PBXNativeTarget "AITodoCloneTests" */;
			buildPhases = (
				5FE7A6B52CB8071F00E9F10D /* Sources */,
				5FE7A6B62CB8071F00E9F10D /* Frameworks */,
				5FE7A6B72CB8071F00E9F10D /* Resources */,
			);
			buildRules = (
			);
			dependencies = (
				5FE7A6BB2CB8071F00E9F10D /* PBXTargetDependency */,
			);
			fileSystemSynchronizedGroups = (
				5FE7A6BC2CB8071F00E9F10D /* AITodoCloneTests */,
			);
			name = AITodoCloneTests;
			packageProductDependencies = (
			);
			productName = AITodoCloneTests;
			productReference = 5FE7A6B92CB8071F00E9F10D /* AITodoCloneTests.xctest */;
			productType = "com.apple.product-type.bundle.unit-test";
		};
		5FE7A6C22CB8071F00E9F10D /* AITodoCloneUITests */ = {
			isa = PBXNativeTarget;
			buildConfigurationList = 5FE7A6D32CB8071F00E9F10D /* Build configuration list for PBXNativeTarget "AITodoCloneUITests" */;
			buildPhases = (
				5FE7A6BF2CB8071F00E9F10D /* Sources */,
				5FE7A6C02CB8071F00E9F10D /* Frameworks */,
				5FE7A6C12CB8071F00E9F10D /* Resources */,
			);
			buildRules = (
			);
			dependencies = (
				5FE7A6C52CB8071F00E9F10D /* PBXTargetDependency */,
			);
			fileSystemSynchronizedGroups = (
				5FE7A6C62CB8071F00E9F10D /* AITodoCloneUITests */,
			);
			name = AITodoCloneUITests;
			packageProductDependencies = (
			);
			productName = AITodoCloneUITests;
			productReference = 5FE7A6C32CB8071F00E9F10D /* AITodoCloneUITests.xctest */;
			productType = "com.apple.product-type.bundle.ui-testing";
		};
/* End PBXNativeTarget section */

/* Begin PBXProject section */
		5FE7A69E2CB8071E00E9F10D /* Project object */ = {
			isa = PBXProject;
			attributes = {
				BuildIndependentTargetsInParallel = 1;
				LastSwiftUpdateCheck = 1600;
				LastUpgradeCheck = 1600;
				TargetAttributes = {
					5FE7A6A52CB8071E00E9F10D = {
						CreatedOnToolsVersion = 16.0;
					};
					5FE7A6B82CB8071F00E9F10D = {
						CreatedOnToolsVersion = 16.0;
						TestTargetID = 5FE7A6A52CB8071E00E9F10D;
					};
					5FE7A6C22CB8071F00E9F10D = {
						CreatedOnToolsVersion = 16.0;
						TestTargetID = 5FE7A6A52CB8071E00E9F10D;
					};
				};
			};
			buildConfigurationList = 5FE7A6A12CB8071E00E9F10D /* Build configuration list for PBXProject "AITodoClone" */;
			developmentRegion = en;
			hasScannedForEncodings = 0;
			knownRegions = (
				en,
				Base,
			);
			mainGroup = 5FE7A69D2CB8071E00E9F10D;
			minimizedProjectReferenceProxies = 1;
			preferredProjectObjectVersion = 77;
			productRefGroup = 5FE7A6A72CB8071E00E9F10D /* Products */;
			projectDirPath = "";
			projectRoot = "";
			targets = (
				5FE7A6A52CB8071E00E9F10D /* AITodoClone */,
				5FE7A6B82CB8071F00E9F10D /* AITodoCloneTests */,
				5FE7A6C22CB8071F00E9F10D /* AITodoCloneUITests */,
			);
		};
/* End PBXProject section */

/* Begin PBXResourcesBuildPhase section */
		5FE7A6A42CB8071E00E9F10D /* Resources */ = {
			isa = PBXResourcesBuildPhase;
			buildActionMask = 2147483647;
			files = (
			);
			runOnlyForDeploymentPostprocessing = 0;
		};
		5FE7A6B72CB8071F00E9F10D /* Resources */ = {
			isa = PBXResourcesBuildPhase;
			buildActionMask = 2147483647;
			files = (
			);
			runOnlyForDeploymentPostprocessing = 0;
		};
		5FE7A6C12CB8071F00E9F10D /* Resources */ = {
			isa = PBXResourcesBuildPhase;
			buildActionMask = 2147483647;
			files = (
			);
			runOnlyForDeploymentPostprocessing = 0;
		};
/* End PBXResourcesBuildPhase section */

/* Begin PBXSourcesBuildPhase section */
		5FE7A6A22CB8071E00E9F10D /* Sources */ = {
			isa = PBXSourcesBuildPhase;
			buildActionMask = 2147483647;
			files = (
				5F06BEB12CC284C600260241 /* CardDropDelegate.swift in Sources */,
				5F06BEB22CC284C600260241 /* BoardsListView.swift in Sources */,
				5F06BEB32CC284C600260241 /* CardView.swift in Sources */,
				5F06BEB42CC284C600260241 /* ListView.swift in Sources */,
				5F06BEB52CC284C600260241 /* BoardView.swift in Sources */,
				5F06BEB62CC284C600260241 /* TodoList.swift in Sources */,
				5F06BEB72CC284C600260241 /* TodoCard.swift in Sources */,
				5F06BEB82CC284C600260241 /* TodoBoard.swift in Sources */,
			);
			runOnlyForDeploymentPostprocessing = 0;
		};
		5FE7A6B52CB8071F00E9F10D /* Sources */ = {
			isa = PBXSourcesBuildPhase;
			buildActionMask = 2147483647;
			files = (
				5F06BEA12CC284C600260241 /* CardDropDelegate.swift in Sources */,
				5F06BEA22CC284C600260241 /* BoardsListView.swift in Sources */,
				5F06BEA32CC284C600260241 /* CardView.swift in Sources */,
				5F06BEA42CC284C600260241 /* ListView.swift in Sources */,
				5F06BEA52CC284C600260241 /* BoardView.swift in Sources */,
				5F06BEA62CC284C600260241 /* TodoList.swift in Sources */,
				5F06BEA72CC284C600260241 /* TodoCard.swift in Sources */,
				5F06BEA82CC284C600260241 /* TodoBoard.swift in Sources */,
			);
			runOnlyForDeploymentPostprocessing = 0;
		};
		5FE7A6BF2CB8071F00E9F10D /* Sources */ = {
			isa = PBXSourcesBuildPhase;
			buildActionMask = 2147483647;
			files = (
				5F06BEA92CC284C600260241 /* CardDropDelegate.swift in Sources */,
				5F06BEAA2CC284C600260241 /* BoardsListView.swift in Sources */,
				5F06BEAB2CC284C600260241 /* CardView.swift in Sources */,
				5F06BEAC2CC284C600260241 /* ListView.swift in Sources */,
				5F06BEAD2CC284C600260241 /* BoardView.swift in Sources */,
				5F06BEAE2CC284C600260241 /* TodoList.swift in Sources */,
				5F06BEAF2CC284C600260241 /* TodoCard.swift in Sources */,
				5F06BEB02CC284C600260241 /* TodoBoard.swift in Sources */,
			);
			runOnlyForDeploymentPostprocessing = 0;
		};
/* End PBXSourcesBuildPhase section */

/* Begin PBXTargetDependency section */
		5FE7A6BB2CB8071F00E9F10D /* PBXTargetDependency */ = {
			isa = PBXTargetDependency;
			target = 5FE7A6A52CB8071E00E9F10D /* AITodoClone */;
			targetProxy = 5FE7A6BA2CB8071F00E9F10D /* PBXContainerItemProxy */;
		};
		5FE7A6C52CB8071F00E9F10D /* PBXTargetDependency */ = {
			isa = PBXTargetDependency;
			target = 5FE7A6A52CB8071E00E9F10D /* AITodoClone */;
			targetProxy = 5FE7A6C42CB8071F00E9F10D /* PBXContainerItemProxy */;
		};
/* End PBXTargetDependency section */

/* Begin XCBuildConfiguration section */
		5FE7A6CB2CB8071F00E9F10D /* Debug */ = {
			isa = XCBuildConfiguration;
			buildSettings = {
				ALWAYS_SEARCH_USER_PATHS = NO;
				ASSETCATALOG_COMPILER_GENERATE_SWIFT_ASSET_SYMBOL_EXTENSIONS = YES;
				CLANG_ANALYZER_NONNULL = YES;
				CLANG_ANALYZER_NUMBER_OBJECT_CONVERSION = YES_AGGRESSIVE;
				CLANG_CXX_LANGUAGE_STANDARD = "gnu++20";
				CLANG_ENABLE_MODULES = YES;
				CLANG_ENABLE_OBJC_ARC = YES;
				CLANG_ENABLE_OBJC_WEAK = YES;
				CLANG_WARN_BLOCK_CAPTURE_AUTORELEASING = YES;
				CLANG_WARN_BOOL_CONVERSION = YES;
				CLANG_WARN_COMMA = YES;
				CLANG_WARN_CONSTANT_CONVERSION = YES;
				CLANG_WARN_DEPRECATED_OBJC_IMPLEMENTATIONS = YES;
				CLANG_WARN_DIRECT_OBJC_ISA_USAGE = YES_ERROR;
				CLANG_WARN_DOCUMENTATION_COMMENTS = YES;
				CLANG_WARN_EMPTY_BODY = YES;
				CLANG_WARN_ENUM_CONVERSION = YES;
				CLANG_WARN_INFINITE_RECURSION = YES;
				CLANG_WARN_INT_CONVERSION = YES;
				CLANG_WARN_NON_LITERAL_NULL_CONVERSION = YES;
				CLANG_WARN_OBJC_IMPLICIT_RETAIN_SELF = YES;
				CLANG_WARN_OBJC_LITERAL_CONVERSION = YES;
				CLANG_WARN_OBJC_ROOT_CLASS = YES_ERROR;
				CLANG_WARN_QUOTED_INCLUDE_IN_FRAMEWORK_HEADER = YES;
				CLANG_WARN_RANGE_LOOP_ANALYSIS = YES;
				CLANG_WARN_STRICT_PROTOTYPES = YES;
				CLANG_WARN_SUSPICIOUS_MOVE = YES;
				CLANG_WARN_UNGUARDED_AVAILABILITY = YES_AGGRESSIVE;
				CLANG_WARN_UNREACHABLE_CODE = YES;
				CLANG_WARN__DUPLICATE_METHOD_MATCH = YES;
				COPY_PHASE_STRIP = NO;
				DEBUG_INFORMATION_FORMAT = dwarf;
				ENABLE_STRICT_OBJC_MSGSEND = YES;
				ENABLE_TESTABILITY = YES;
				ENABLE_USER_SCRIPT_SANDBOXING = YES;
				GCC_C_LANGUAGE_STANDARD = gnu17;
				GCC_DYNAMIC_NO_PIC = NO;
				GCC_NO_COMMON_BLOCKS = YES;
				GCC_OPTIMIZATION_LEVEL = 0;
				GCC_PREPROCESSOR_DEFINITIONS = (
					"DEBUG=1",
					"$(inherited)",
				);
				GCC_WARN_64_TO_32_BIT_CONVERSION = YES;
				GCC_WARN_ABOUT_RETURN_TYPE = YES_ERROR;
				GCC_WARN_UNDECLARED_SELECTOR = YES;
				GCC_WARN_UNINITIALIZED_AUTOS = YES_AGGRESSIVE;
				GCC_WARN_UNUSED_FUNCTION = YES;
				GCC_WARN_UNUSED_VARIABLE = YES;
				LOCALIZATION_PREFERS_STRING_CATALOGS = YES;
				MTL_ENABLE_DEBUG_INFO = INCLUDE_SOURCE;
				MTL_FAST_MATH = YES;
				ONLY_ACTIVE_ARCH = YES;
				SWIFT_ACTIVE_COMPILATION_CONDITIONS = "DEBUG $(inherited)";
				SWIFT_OPTIMIZATION_LEVEL = "-Onone";
			};
			name = Debug;
		};
		5FE7A6CC2CB8071F00E9F10D /* Release */ = {
			isa = XCBuildConfiguration;
			buildSettings = {
				ALWAYS_SEARCH_USER_PATHS = NO;
				ASSETCATALOG_COMPILER_GENERATE_SWIFT_ASSET_SYMBOL_EXTENSIONS = YES;
				CLANG_ANALYZER_NONNULL = YES;
				CLANG_ANALYZER_NUMBER_OBJECT_CONVERSION = YES_AGGRESSIVE;
				CLANG_CXX_LANGUAGE_STANDARD = "gnu++20";
				CLANG_ENABLE_MODULES = YES;
				CLANG_ENABLE_OBJC_ARC = YES;
				CLANG_ENABLE_OBJC_WEAK = YES;
				CLANG_WARN_BLOCK_CAPTURE_AUTORELEASING = YES;
				CLANG_WARN_BOOL_CONVERSION = YES;
				CLANG_WARN_COMMA = YES;
				CLANG_WARN_CONSTANT_CONVERSION = YES;
				CLANG_WARN_DEPRECATED_OBJC_IMPLEMENTATIONS = YES;
				CLANG_WARN_DIRECT_OBJC_ISA_USAGE = YES_ERROR;
				CLANG_WARN_DOCUMENTATION_COMMENTS = YES;
				CLANG_WARN_EMPTY_BODY = YES;
				CLANG_WARN_ENUM_CONVERSION = YES;
				CLANG_WARN_INFINITE_RECURSION = YES;
				CLANG_WARN_INT_CONVERSION = YES;
				CLANG_WARN_NON_LITERAL_NULL_CONVERSION = YES;
				CLANG_WARN_OBJC_IMPLICIT_RETAIN_SELF = YES;
				CLANG_WARN_OBJC_LITERAL_CONVERSION = YES;
				CLANG_WARN_OBJC_ROOT_CLASS = YES_ERROR;
				CLANG_WARN_QUOTED_INCLUDE_IN_FRAMEWORK_HEADER = YES;
				CLANG_WARN_RANGE_LOOP_ANALYSIS = YES;
				CLANG_WARN_STRICT_PROTOTYPES = YES;
				CLANG_WARN_SUSPICIOUS_MOVE = YES;
				CLANG_WARN_UNGUARDED_AVAILABILITY = YES_AGGRESSIVE;
				CLANG_WARN_UNREACHABLE_CODE = YES;
				CLANG_WARN__DUPLICATE_METHOD_MATCH = YES;
				COPY_PHASE_STRIP = NO;
				DEBUG_INFORMATION_FORMAT = "dwarf-with-dsym";
				ENABLE_NS_ASSERTIONS = NO;
				ENABLE_STRICT_OBJC_MSGSEND = YES;
				ENABLE_USER_SCRIPT_SANDBOXING = YES;
				GCC_C_LANGUAGE_STANDARD = gnu17;
				GCC_NO_COMMON_BLOCKS = YES;
				GCC_WARN_64_TO_32_BIT_CONVERSION = YES;
				GCC_WARN_ABOUT_RETURN_TYPE = YES_ERROR;
				GCC_WARN_UNDECLARED_SELECTOR = YES;
				GCC_WARN_UNINITIALIZED_AUTOS = YES_AGGRESSIVE;
				GCC_WARN_UNUSED_FUNCTION = YES;
				GCC_WARN_UNUSED_VARIABLE = YES;
				LOCALIZATION_PREFERS_STRING_CATALOGS = YES;
				MTL_ENABLE_DEBUG_INFO = NO;
				MTL_FAST_MATH = YES;
				SWIFT_COMPILATION_MODE = wholemodule;
			};
			name = Release;
		};
		5FE7A6CE2CB8071F00E9F10D /* Debug */ = {
			isa = XCBuildConfiguration;
			buildSettings = {
				ASSETCATALOG_COMPILER_APPICON_NAME = AppIcon;
				ASSETCATALOG_COMPILER_GLOBAL_ACCENT_COLOR_NAME = AccentColor;
				CODE_SIGN_ENTITLEMENTS = AITodoClone/AITodoClone.entitlements;
				CODE_SIGN_STYLE = Automatic;
				CURRENT_PROJECT_VERSION = 1;
				DEVELOPMENT_ASSET_PATHS = "\"AITodoClone/Preview Content\"";
				DEVELOPMENT_TEAM = HUPQDCTJFQ;
				ENABLE_HARDENED_RUNTIME = YES;
				ENABLE_PREVIEWS = YES;
				GENERATE_INFOPLIST_FILE = YES;
				"INFOPLIST_KEY_UIApplicationSceneManifest_Generation[sdk=iphoneos*]" = YES;
				"INFOPLIST_KEY_UIApplicationSceneManifest_Generation[sdk=iphonesimulator*]" = YES;
				"INFOPLIST_KEY_UIApplicationSupportsIndirectInputEvents[sdk=iphoneos*]" = YES;
				"INFOPLIST_KEY_UIApplicationSupportsIndirectInputEvents[sdk=iphonesimulator*]" = YES;
				"INFOPLIST_KEY_UILaunchScreen_Generation[sdk=iphoneos*]" = YES;
				"INFOPLIST_KEY_UILaunchScreen_Generation[sdk=iphonesimulator*]" = YES;
				"INFOPLIST_KEY_UIStatusBarStyle[sdk=iphoneos*]" = UIStatusBarStyleDefault;
				"INFOPLIST_KEY_UIStatusBarStyle[sdk=iphonesimulator*]" = UIStatusBarStyleDefault;
				INFOPLIST_KEY_UISupportedInterfaceOrientations_iPad = "UIInterfaceOrientationPortrait UIInterfaceOrientationPortraitUpsideDown UIInterfaceOrientationLandscapeLeft UIInterfaceOrientationLandscapeRight";
				INFOPLIST_KEY_UISupportedInterfaceOrientations_iPhone = "UIInterfaceOrientationPortrait UIInterfaceOrientationLandscapeLeft UIInterfaceOrientationLandscapeRight";
				IPHONEOS_DEPLOYMENT_TARGET = 18.0;
				LD_RUNPATH_SEARCH_PATHS = "@executable_path/Frameworks";
				"LD_RUNPATH_SEARCH_PATHS[sdk=macosx*]" = "@executable_path/../Frameworks";
				MACOSX_DEPLOYMENT_TARGET = 14.0;
				MARKETING_VERSION = 1.0;
				PRODUCT_BUNDLE_IDENTIFIER = com.pr0j3c7t0dd.AITodoClone;
				PRODUCT_NAME = "$(TARGET_NAME)";
				SDKROOT = auto;
				SUPPORTED_PLATFORMS = "iphoneos iphonesimulator macosx xros xrsimulator";
				SWIFT_EMIT_LOC_STRINGS = YES;
				SWIFT_VERSION = 5.0;
				TARGETED_DEVICE_FAMILY = "1,2,7";
				XROS_DEPLOYMENT_TARGET = 2.0;
			};
			name = Debug;
		};
		5FE7A6CF2CB8071F00E9F10D /* Release */ = {
			isa = XCBuildConfiguration;
			buildSettings = {
				ASSETCATALOG_COMPILER_APPICON_NAME = AppIcon;
				ASSETCATALOG_COMPILER_GLOBAL_ACCENT_COLOR_NAME = AccentColor;
				CODE_SIGN_ENTITLEMENTS = AITodoClone/AITodoClone.entitlements;
				CODE_SIGN_STYLE = Automatic;
				CURRENT_PROJECT_VERSION = 1;
				DEVELOPMENT_ASSET_PATHS = "\"AITodoClone/Preview Content\"";
				DEVELOPMENT_TEAM = HUPQDCTJFQ;
				ENABLE_HARDENED_RUNTIME = YES;
				ENABLE_PREVIEWS = YES;
				GENERATE_INFOPLIST_FILE = YES;
				"INFOPLIST_KEY_UIApplicationSceneManifest_Generation[sdk=iphoneos*]" = YES;
				"INFOPLIST_KEY_UIApplicationSceneManifest_Generation[sdk=iphonesimulator*]" = YES;
				"INFOPLIST_KEY_UIApplicationSupportsIndirectInputEvents[sdk=iphoneos*]" = YES;
				"INFOPLIST_KEY_UIApplicationSupportsIndirectInputEvents[sdk=iphonesimulator*]" = YES;
				"INFOPLIST_KEY_UILaunchScreen_Generation[sdk=iphoneos*]" = YES;
				"INFOPLIST_KEY_UILaunchScreen_Generation[sdk=iphonesimulator*]" = YES;
				"INFOPLIST_KEY_UIStatusBarStyle[sdk=iphoneos*]" = UIStatusBarStyleDefault;
				"INFOPLIST_KEY_UIStatusBarStyle[sdk=iphonesimulator*]" = UIStatusBarStyleDefault;
				INFOPLIST_KEY_UISupportedInterfaceOrientations_iPad = "UIInterfaceOrientationPortrait UIInterfaceOrientationPortraitUpsideDown UIInterfaceOrientationLandscapeLeft UIInterfaceOrientationLandscapeRight";
				INFOPLIST_KEY_UISupportedInterfaceOrientations_iPhone = "UIInterfaceOrientationPortrait UIInterfaceOrientationLandscapeLeft UIInterfaceOrientationLandscapeRight";
				IPHONEOS_DEPLOYMENT_TARGET = 18.0;
				LD_RUNPATH_SEARCH_PATHS = "@executable_path/Frameworks";
				"LD_RUNPATH_SEARCH_PATHS[sdk=macosx*]" = "@executable_path/../Frameworks";
				MACOSX_DEPLOYMENT_TARGET = 14.0;
				MARKETING_VERSION = 1.0;
				PRODUCT_BUNDLE_IDENTIFIER = com.pr0j3c7t0dd.AITodoClone;
				PRODUCT_NAME = "$(TARGET_NAME)";
				SDKROOT = auto;
				SUPPORTED_PLATFORMS = "iphoneos iphonesimulator macosx xros xrsimulator";
				SWIFT_EMIT_LOC_STRINGS = YES;
				SWIFT_VERSION = 5.0;
				TARGETED_DEVICE_FAMILY = "1,2,7";
				XROS_DEPLOYMENT_TARGET = 2.0;
			};
			name = Release;
		};
		5FE7A6D12CB8071F00E9F10D /* Debug */ = {
			isa = XCBuildConfiguration;
			buildSettings = {
				BUNDLE_LOADER = "$(TEST_HOST)";
				CODE_SIGN_STYLE = Automatic;
				CURRENT_PROJECT_VERSION = 1;
				DEVELOPMENT_TEAM = HUPQDCTJFQ;
				GENERATE_INFOPLIST_FILE = YES;
				IPHONEOS_DEPLOYMENT_TARGET = 18.0;
				MACOSX_DEPLOYMENT_TARGET = 15.0;
				MARKETING_VERSION = 1.0;
				PRODUCT_BUNDLE_IDENTIFIER = com.pr0j3c7t0dd.AITodoCloneTests;
				PRODUCT_NAME = "$(TARGET_NAME)";
				SDKROOT = auto;
				SUPPORTED_PLATFORMS = "iphoneos iphonesimulator macosx xros xrsimulator";
				SWIFT_EMIT_LOC_STRINGS = NO;
				SWIFT_VERSION = 5.0;
				TARGETED_DEVICE_FAMILY = "1,2,7";
				TEST_HOST = "$(BUILT_PRODUCTS_DIR)/AITodoClone.app/$(BUNDLE_EXECUTABLE_FOLDER_PATH)/AITodoClone";
				XROS_DEPLOYMENT_TARGET = 2.0;
			};
			name = Debug;
		};
		5FE7A6D22CB8071F00E9F10D /* Release */ = {
			isa = XCBuildConfiguration;
			buildSettings = {
				BUNDLE_LOADER = "$(TEST_HOST)";
				CODE_SIGN_STYLE = Automatic;
				CURRENT_PROJECT_VERSION = 1;
				DEVELOPMENT_TEAM = HUPQDCTJFQ;
				GENERATE_INFOPLIST_FILE = YES;
				IPHONEOS_DEPLOYMENT_TARGET = 18.0;
				MACOSX_DEPLOYMENT_TARGET = 15.0;
				MARKETING_VERSION = 1.0;
				PRODUCT_BUNDLE_IDENTIFIER = com.pr0j3c7t0dd.AITodoCloneTests;
				PRODUCT_NAME = "$(TARGET_NAME)";
				SDKROOT = auto;
				SUPPORTED_PLATFORMS = "iphoneos iphonesimulator macosx xros xrsimulator";
				SWIFT_EMIT_LOC_STRINGS = NO;
				SWIFT_VERSION = 5.0;
				TARGETED_DEVICE_FAMILY = "1,2,7";
				TEST_HOST = "$(BUILT_PRODUCTS_DIR)/AITodoClone.app/$(BUNDLE_EXECUTABLE_FOLDER_PATH)/AITodoClone";
				XROS_DEPLOYMENT_TARGET = 2.0;
			};
			name = Release;
		};
		5FE7A6D42CB8071F00E9F10D /* Debug */ = {
			isa = XCBuildConfiguration;
			buildSettings = {
				CODE_SIGN_STYLE = Automatic;
				CURRENT_PROJECT_VERSION = 1;
				DEVELOPMENT_TEAM = HUPQDCTJFQ;
				GENERATE_INFOPLIST_FILE = YES;
				IPHONEOS_DEPLOYMENT_TARGET = 18.0;
				MACOSX_DEPLOYMENT_TARGET = 15.0;
				MARKETING_VERSION = 1.0;
				PRODUCT_BUNDLE_IDENTIFIER = com.pr0j3c7t0dd.AITodoCloneUITests;
				PRODUCT_NAME = "$(TARGET_NAME)";
				SDKROOT = auto;
				SUPPORTED_PLATFORMS = "iphoneos iphonesimulator macosx xros xrsimulator";
				SWIFT_EMIT_LOC_STRINGS = NO;
				SWIFT_VERSION = 5.0;
				TARGETED_DEVICE_FAMILY = "1,2,7";
				TEST_TARGET_NAME = AITodoClone;
				XROS_DEPLOYMENT_TARGET = 2.0;
			};
			name = Debug;
		};
		5FE7A6D52CB8071F00E9F10D /* Release */ = {
			isa = XCBuildConfiguration;
			buildSettings = {
				CODE_SIGN_STYLE = Automatic;
				CURRENT_PROJECT_VERSION = 1;
				DEVELOPMENT_TEAM = HUPQDCTJFQ;
				GENERATE_INFOPLIST_FILE = YES;
				IPHONEOS_DEPLOYMENT_TARGET = 18.0;
				MACOSX_DEPLOYMENT_TARGET = 15.0;
				MARKETING_VERSION = 1.0;
				PRODUCT_BUNDLE_IDENTIFIER = com.pr0j3c7t0dd.AITodoCloneUITests;
				PRODUCT_NAME = "$(TARGET_NAME)";
				SDKROOT = auto;
				SUPPORTED_PLATFORMS = "iphoneos iphonesimulator macosx xros xrsimulator";
				SWIFT_EMIT_LOC_STRINGS = NO;
				SWIFT_VERSION = 5.0;
				TARGETED_DEVICE_FAMILY = "1,2,7";
				TEST_TARGET_NAME = AITodoClone;
				XROS_DEPLOYMENT_TARGET = 2.0;
			};
			name = Release;
		};
/* End XCBuildConfiguration section */

/* Begin XCConfigurationList section */
		5FE7A6A12CB8071E00E9F10D /* Build configuration list for PBXProject "AITodoClone" */ = {
			isa = XCConfigurationList;
			buildConfigurations = (
				5FE7A6CB2CB8071F00E9F10D /* Debug */,
				5FE7A6CC2CB8071F00E9F10D /* Release */,
			);
			defaultConfigurationIsVisible = 0;
			defaultConfigurationName = Release;
		};
		5FE7A6CD2CB8071F00E9F10D /* Build configuration list for PBXNativeTarget "AITodoClone" */ = {
			isa = XCConfigurationList;
			buildConfigurations = (
				5FE7A6CE2CB8071F00E9F10D /* Debug */,
				5FE7A6CF2CB8071F00E9F10D /* Release */,
			);
			defaultConfigurationIsVisible = 0;
			defaultConfigurationName = Release;
		};
		5FE7A6D02CB8071F00E9F10D /* Build configuration list for PBXNativeTarget "AITodoCloneTests" */ = {
			isa = XCConfigurationList;
			buildConfigurations = (
				5FE7A6D12CB8071F00E9F10D /* Debug */,
				5FE7A6D22CB8071F00E9F10D /* Release */,
			);
			defaultConfigurationIsVisible = 0;
			defaultConfigurationName = Release;
		};
		5FE7A6D32CB8071F00E9F10D /* Build configuration list for PBXNativeTarget "AITodoCloneUITests" */ = {
			isa = XCConfigurationList;
			buildConfigurations = (
				5FE7A6D42CB8071F00E9F10D /* Debug */,
				5FE7A6D52CB8071F00E9F10D /* Release */,
			);
			defaultConfigurationIsVisible = 0;
			defaultConfigurationName = Release;
		};
/* End XCConfigurationList section */
	};
	rootObject = 5FE7A69E2CB8071E00E9F10D /* Project object */;
}
